
Microsoft Visual Studio Solution File, Format Version 12.00
# Visual Studio Version 17
VisualStudioVersion = 17.4.33110.190
MinimumVisualStudioVersion = 10.0.40219.1
Project("{9A19103F-16F7-4668-BE54-9A1E7A4F7556}") = "HouseEasy.API", "HouseEasy.API\HouseEasy.API.csproj", "{1175F4CC-1769-4B1E-BBEC-3359318972FE}"
EndProject
Project("{2150E333-8FDC-42A3-9474-1A3956D46DE8}") = "HouseEasy.API", "HouseEasy.API", "{8DD0A068-F51B-4A17-952B-6309913A0F6D}"
EndProject
Project("{2150E333-8FDC-42A3-9474-1A3956D46DE8}") = "HouseEasy.Domain", "HouseEasy.Domain", "{C770F763-5F69-4C71-937D-9AFB533F3379}"
EndProject
Project("{9A19103F-16F7-4668-BE54-9A1E7A4F7556}") = "HouseEasy.Domain", "HouseEasy.Domain\HouseEasy.Domain.csproj", "{ED12E842-EEA1-4AAE-97F2-502BE052D15F}"
EndProject
Project("{2150E333-8FDC-42A3-9474-1A3956D46DE8}") = "HouseEasy.Infra", "HouseEasy.Infra", "{D802F5F9-AB76-44EE-B3C0-45DD89638486}"
EndProject
Project("{9A19103F-16F7-4668-BE54-9A1E7A4F7556}") = "HouseEasy.Data", "HouseEasy.Data\HouseEasy.Data.csproj", "{E4BED358-1700-4F72-AD47-C0D06CCDB090}"
EndProject
Project("{9A19103F-16F7-4668-BE54-9A1E7A4F7556}") = "HouseEasy.IOC", "HouseEasy.IOC\HouseEasy.IOC\HouseEasy.IOC.csproj", "{F1685F81-DAB2-4802-92E3-F8F4882AF666}"
EndProject
Project("{9A19103F-16F7-4668-BE54-9A1E7A4F7556}") = "HouseEasy.Service", "HouseEasy.Service\HouseEasy.Service\HouseEasy.Service.csproj", "{5FE65FF0-0D00-4FC5-8DCC-3191BB08A6DE}"
EndProject
Project("{FAE04EC0-301F-11D3-BF4B-00C04F79EFBC}") = "HouseEasy.Repository", "HouseEasy.Repository\HouseEasy.Repository\HouseEasy.Repository.csproj", "{7F54A12A-5350-4334-81F3-5D69A2FFFD11}"
EndProject
Global
	GlobalSection(SolutionConfigurationPlatforms) = preSolution
		Debug|Any CPU = Debug|Any CPU
		Release|Any CPU = Release|Any CPU
	EndGlobalSection
	GlobalSection(ProjectConfigurationPlatforms) = postSolution
		{1175F4CC-1769-4B1E-BBEC-3359318972FE}.Debug|Any CPU.ActiveCfg = Debug|Any CPU
		{1175F4CC-1769-4B1E-BBEC-3359318972FE}.Debug|Any CPU.Build.0 = Debug|Any CPU
		{1175F4CC-1769-4B1E-BBEC-3359318972FE}.Release|Any CPU.ActiveCfg = Release|Any CPU
		{1175F4CC-1769-4B1E-BBEC-3359318972FE}.Release|Any CPU.Build.0 = Release|Any CPU
		{ED12E842-EEA1-4AAE-97F2-502BE052D15F}.Debug|Any CPU.ActiveCfg = Debug|Any CPU
		{ED12E842-EEA1-4AAE-97F2-502BE052D15F}.Debug|Any CPU.Build.0 = Debug|Any CPU
		{ED12E842-EEA1-4AAE-97F2-502BE052D15F}.Release|Any CPU.ActiveCfg = Release|Any CPU
		{ED12E842-EEA1-4AAE-97F2-502BE052D15F}.Release|Any CPU.Build.0 = Release|Any CPU
		{E4BED358-1700-4F72-AD47-C0D06CCDB090}.Debug|Any CPU.ActiveCfg = Debug|Any CPU
		{E4BED358-1700-4F72-AD47-C0D06CCDB090}.Debug|Any CPU.Build.0 = Debug|Any CPU
		{E4BED358-1700-4F72-AD47-C0D06CCDB090}.Release|Any CPU.ActiveCfg = Release|Any CPU
		{E4BED358-1700-4F72-AD47-C0D06CCDB090}.Release|Any CPU.Build.0 = Release|Any CPU
		{F1685F81-DAB2-4802-92E3-F8F4882AF666}.Debug|Any CPU.ActiveCfg = Debug|Any CPU
		{F1685F81-DAB2-4802-92E3-F8F4882AF666}.Debug|Any CPU.Build.0 = Debug|Any CPU
		{F1685F81-DAB2-4802-92E3-F8F4882AF666}.Release|Any CPU.ActiveCfg = Release|Any CPU
		{F1685F81-DAB2-4802-92E3-F8F4882AF666}.Release|Any CPU.Build.0 = Release|Any CPU
		{5FE65FF0-0D00-4FC5-8DCC-3191BB08A6DE}.Debug|Any CPU.ActiveCfg = Debug|Any CPU
		{5FE65FF0-0D00-4FC5-8DCC-3191BB08A6DE}.Debug|Any CPU.Build.0 = Debug|Any CPU
		{5FE65FF0-0D00-4FC5-8DCC-3191BB08A6DE}.Release|Any CPU.ActiveCfg = Release|Any CPU
		{5FE65FF0-0D00-4FC5-8DCC-3191BB08A6DE}.Release|Any CPU.Build.0 = Release|Any CPU
		{7F54A12A-5350-4334-81F3-5D69A2FFFD11}.Debug|Any CPU.ActiveCfg = Debug|Any CPU
		{7F54A12A-5350-4334-81F3-5D69A2FFFD11}.Debug|Any CPU.Build.0 = Debug|Any CPU
		{7F54A12A-5350-4334-81F3-5D69A2FFFD11}.Release|Any CPU.ActiveCfg = Release|Any CPU
		{7F54A12A-5350-4334-81F3-5D69A2FFFD11}.Release|Any CPU.Build.0 = Release|Any CPU
	EndGlobalSection
	GlobalSection(SolutionProperties) = preSolution
		HideSolutionNode = FALSE
	EndGlobalSection
	GlobalSection(NestedProjects) = preSolution
		{1175F4CC-1769-4B1E-BBEC-3359318972FE} = {8DD0A068-F51B-4A17-952B-6309913A0F6D}
		{ED12E842-EEA1-4AAE-97F2-502BE052D15F} = {C770F763-5F69-4C71-937D-9AFB533F3379}
		{E4BED358-1700-4F72-AD47-C0D06CCDB090} = {D802F5F9-AB76-44EE-B3C0-45DD89638486}
		{F1685F81-DAB2-4802-92E3-F8F4882AF666} = {D802F5F9-AB76-44EE-B3C0-45DD89638486}
		{5FE65FF0-0D00-4FC5-8DCC-3191BB08A6DE} = {D802F5F9-AB76-44EE-B3C0-45DD89638486}
		{7F54A12A-5350-4334-81F3-5D69A2FFFD11} = {D802F5F9-AB76-44EE-B3C0-45DD89638486}
	EndGlobalSection
	GlobalSection(ExtensibilityGlobals) = postSolution
		SolutionGuid = {BBD5877B-90F1-4D38-9F25-548820FC06A5}
	EndGlobalSection
EndGlobal
